{
  "name": "be",
  "version": "1.0.0",
  "lockfileVersion": 1,
  "requires": true,
  "dependencies": {
    "claudia-api-builder": {
      "version": "4.0.2",
      "resolved": "https://registry.npmjs.org/claudia-api-builder/-/claudia-api-builder-4.0.2.tgz",
      "integrity": "sha512-L8E2km6dxRWJtlomj3kBH9IZ4LuFz5fq3Oc1xTnEDMgdDU/QIAvt3jdbMpgGTsEQuG3bbmwhA19Mp3RhaicJhw=="
    }
  }
}
